
Microsoft Visual Studio Solution File, Format Version 12.00
# Visual Studio Version 17
VisualStudioVersion = 17.5.33516.290
MinimumVisualStudioVersion = 10.0.40219.1
Project("{FAE04EC0-301F-11D3-BF4B-00C04F79EFBC}") = "AdressCompatator", "AdressCompatator\AdressCompatator.csproj", "{CCDEC0C2-8CDB-45C9-92D3-CDBD180402E8}"
EndProject
Global
	GlobalSection(SolutionConfigurationPlatforms) = preSolution
		Debug|Any CPU = Debug|Any CPU
		Release|Any CPU = Release|Any CPU
	EndGlobalSection
	GlobalSection(ProjectConfigurationPlatforms) = postSolution
		{CCDEC0C2-8CDB-45C9-92D3-CDBD180402E8}.Debug|Any CPU.ActiveCfg = Debug|Any CPU
		{CCDEC0C2-8CDB-45C9-92D3-CDBD180402E8}.Debug|Any CPU.Build.0 = Debug|Any CPU
		{CCDEC0C2-8CDB-45C9-92D3-CDBD180402E8}.Release|Any CPU.ActiveCfg = Release|Any CPU
		{CCDEC0C2-8CDB-45C9-92D3-CDBD180402E8}.Release|Any CPU.Build.0 = Release|Any CPU
	EndGlobalSection
	GlobalSection(SolutionProperties) = preSolution
		HideSolutionNode = FALSE
	EndGlobalSection
	GlobalSection(ExtensibilityGlobals) = postSolution
		SolutionGuid = {E71E8E11-B177-4AB8-9DCE-6005C29F8F37}
	EndGlobalSection
EndGlobal
